{
  "nodes": {
    "bedrock-on-linux": {
      "inputs": {
        "nixpkgs": [
          "nixpkgs"
        ]
      },
      "locked": {
        "lastModified": 1790799528,
        "narHash": "sha256-g8ROZ2SmCGyGMqVk6u95jo7knSHBkAsqnYzx/HpPBWI=",
        "owner": "Wyze3306",
        "repo": "BedrockOnLinux",
        "rev": "49f26c59a11202790bd50d4ec319b8dc66150e0b",
        "type": "github"
      },
      "original": {
        "owner": "Wyze3306",
        "repo": "BedrockOnLinux",
        "type": "github"
      }
    },
    "declarative-flatpak": {
      "locked": {
        "lastModified": 1790179071,
        "narHash": "sha256-eOae/FZIyLaMDxWoS2qakDWQpXbhKFVhgIPSQc/Y9UY=",
        "owner": "in-a-dil-emma",
        "repo": "declarative-flatpak",
        "rev": "70beac3b370616c83e8b3bbe2799ca6b1b1b75c2",
        "type": "github"
      },
      "original": {
        "owner": "in-a-dil-emma",
        "ref": "latest",
        "repo": "declarative-flatpak",
        "type": "github"
      }
    },
    "home-manager": {
      "inputs": {
        "nixpkgs": [
          "nixpkgs"
        ]
      },
      "locked": {
        "lastModified": 1790819692,
        "narHash": "sha256-rvubAPbh3QCliic3sAK+CXTrPCGgJstY52OTs/5H1J4=",
        "owner": "nix-community",
        "repo": "home-manager",
        "rev": "c8ecc29e5175452bee4a2aa1ba2383856d795338",
        "type": "github"
      },
      "original": {
        "owner": "nix-community",
        "repo": "home-manager",
        "type": "github"
      }
    },
    "nix-index-database": {
      "inputs": {
        "nixpkgs": [
          "nixpkgs"
        ]
      },
      "locked": {
        "lastModified": 1790499302,
        "narHash": "sha256-Gbf/U9ptJhQh0qnDnJ/+a8MAcq1HXunbArUTHR2wNYk=",
        "owner": "nix-community",
        "repo": "nix-index-database",
        "rev": "161d7c91accd93034bb3c295224d9d895a778573",
        "type": "github"
      },
      "original": {
        "owner": "nix-community",
        "repo": "nix-index-database",
        "type": "github"
      }
    },
    "nixpkgs": {
      "locked": {
        "lastModified": 1790689126,
        "narHash": "sha256-ilerN1WLSvF+HMjziC/Wv99J5y02maDH+6hZPwsORKg=",
        "owner": "NixOS",
        "repo": "nixpkgs",
        "rev": "b4fd65b198c599cbe814fcb9f42d25d021595ec9",
        "type": "github"
      },
      "original": {
        "owner": "NixOS",
        "ref": "nixos-unstable",
        "repo": "nixpkgs",
        "type": "github"
      }
    },
    "plasma-manager": {
      "inputs": {
        "home-manager": [
          "home-manager"
        ],
        "nixpkgs": [
          "nixpkgs"
        ]
      },
      "locked": {
        "lastModified": 1785762349,
        "narHash": "sha256-jZhZkzAwc7f3exzcTDJWP2WCAchCv0iNC3UF/QsahdQ=",
        "owner": "nix-community",
        "repo": "plasma-manager",
        "rev": "a19a2a029fa180911bd89c554dca1616e10f4c1d",
        "type": "github"
      },
      "original": {
        "owner": "nix-community",
        "repo": "plasma-manager",
        "type": "github"
      }
    },
    "root": {
      "inputs": {
        "bedrock-on-linux": "bedrock-on-linux",
        "declarative-flatpak": "declarative-flatpak",
        "home-manager": "home-manager",
        "nix-index-database": "nix-index-database",
        "nixpkgs": "nixpkgs",
        "plasma-manager": "plasma-manager"
      }
    }
  },
  "root": "root",
  "version": 7
}
